
Microsoft Visual Studio Solution File, Format Version 12.00
# Visual Studio Version 17
VisualStudioVersion = 17.0.31903.59
MinimumVisualStudioVersion = 10.0.40219.1
Project("{FAE04EC0-301F-11D3-BF4B-00C04F79EFBC}") = "API", "API\API.csproj", "{B33FC80E-54FE-4C0D-81AD-488042490D53}"
EndProject
Project("{FAE04EC0-301F-11D3-BF4B-00C04F79EFBC}") = "Application", "Application\Application.csproj", "{E1BDF210-7E0D-44B2-8B3D-99AD1CD5D06F}"
EndProject
Project("{FAE04EC0-301F-11D3-BF4B-00C04F79EFBC}") = "Domain", "Domain\Domain.csproj", "{56BBD75E-FE2E-4EE1-9E49-1CD331AC0704}"
EndProject
Project("{FAE04EC0-301F-11D3-BF4B-00C04F79EFBC}") = "Persistence", "Persistence\Persistence.csproj", "{287A7DF6-A03C-490D-B3DE-9E2ABB45946B}"
EndProject
Global
	GlobalSection(SolutionConfigurationPlatforms) = preSolution
		Debug|Any CPU = Debug|Any CPU
		Release|Any CPU = Release|Any CPU
	EndGlobalSection
	GlobalSection(SolutionProperties) = preSolution
		HideSolutionNode = FALSE
	EndGlobalSection
	GlobalSection(ProjectConfigurationPlatforms) = postSolution
		{B33FC80E-54FE-4C0D-81AD-488042490D53}.Debug|Any CPU.ActiveCfg = Debug|Any CPU
		{B33FC80E-54FE-4C0D-81AD-488042490D53}.Debug|Any CPU.Build.0 = Debug|Any CPU
		{B33FC80E-54FE-4C0D-81AD-488042490D53}.Release|Any CPU.ActiveCfg = Release|Any CPU
		{B33FC80E-54FE-4C0D-81AD-488042490D53}.Release|Any CPU.Build.0 = Release|Any CPU
		{E1BDF210-7E0D-44B2-8B3D-99AD1CD5D06F}.Debug|Any CPU.ActiveCfg = Debug|Any CPU
		{E1BDF210-7E0D-44B2-8B3D-99AD1CD5D06F}.Debug|Any CPU.Build.0 = Debug|Any CPU
		{E1BDF210-7E0D-44B2-8B3D-99AD1CD5D06F}.Release|Any CPU.ActiveCfg = Release|Any CPU
		{E1BDF210-7E0D-44B2-8B3D-99AD1CD5D06F}.Release|Any CPU.Build.0 = Release|Any CPU
		{56BBD75E-FE2E-4EE1-9E49-1CD331AC0704}.Debug|Any CPU.ActiveCfg = Debug|Any CPU
		{56BBD75E-FE2E-4EE1-9E49-1CD331AC0704}.Debug|Any CPU.Build.0 = Debug|Any CPU
		{56BBD75E-FE2E-4EE1-9E49-1CD331AC0704}.Release|Any CPU.ActiveCfg = Release|Any CPU
		{56BBD75E-FE2E-4EE1-9E49-1CD331AC0704}.Release|Any CPU.Build.0 = Release|Any CPU
		{287A7DF6-A03C-490D-B3DE-9E2ABB45946B}.Debug|Any CPU.ActiveCfg = Debug|Any CPU
		{287A7DF6-A03C-490D-B3DE-9E2ABB45946B}.Debug|Any CPU.Build.0 = Debug|Any CPU
		{287A7DF6-A03C-490D-B3DE-9E2ABB45946B}.Release|Any CPU.ActiveCfg = Release|Any CPU
		{287A7DF6-A03C-490D-B3DE-9E2ABB45946B}.Release|Any CPU.Build.0 = Release|Any CPU
	EndGlobalSection
EndGlobal
